
Microsoft Visual Studio Solution File, Format Version 12.00
# Visual Studio 2012
Project("{FAE04EC0-301F-11D3-BF4B-00C04F79EFBC}") = "ALeRT.UI.QueryBox", "ALeRT.UI.QueryBox\ALeRT.UI.QueryBox.csproj", "{340D3597-BB7A-4E48-A31C-55D2D88EC40A}"
EndProject
Project("{FAE04EC0-301F-11D3-BF4B-00C04F79EFBC}") = "ALeRT.QueryPlugin.Ping", "ALeRT.QueryPlugin.Ping\ALeRT.QueryPlugin.Ping.csproj", "{27C2649C-47DE-4AB7-937D-A51D6C2A50FB}"
EndProject
Project("{FAE04EC0-301F-11D3-BF4B-00C04F79EFBC}") = "ALeRT.TypePlugin.EMail", "ALeRT.TypePlugin.EMail\ALeRT.TypePlugin.EMail.csproj", "{B59768BF-AB7F-425E-8AF0-C6AD31131E2B}"
EndProject
Project("{FAE04EC0-301F-11D3-BF4B-00C04F79EFBC}") = "ALeRT.TypePlugin.ZipCode", "ALeRT.TypePlugin.ZipCode\ALeRT.TypePlugin.ZipCode.csproj", "{47F97B4C-AE89-4CC0-914E-DF8EFC6517BD}"
EndProject
Project("{FAE04EC0-301F-11D3-BF4B-00C04F79EFBC}") = "ALeRT.TypePlugin.PhoneNumber", "ALeRT.TypePlugin.PhoneNumber\ALeRT.TypePlugin.PhoneNumber.csproj", "{4B0A3198-DA20-444D-8F25-8D2BF4C66B84}"
EndProject
Project("{FAE04EC0-301F-11D3-BF4B-00C04F79EFBC}") = "ALeRT.TypePlugin.URL", "ALeRT.TypePlugin.URL\ALeRT.TypePlugin.URL.csproj", "{A0E120C6-C4A6-4A7E-B329-9513E9E86EF0}"
EndProject
Project("{FAE04EC0-301F-11D3-BF4B-00C04F79EFBC}") = "ALeRT.TypePlugin.MD5", "ALeRT.TypePlugin.MD5\ALeRT.TypePlugin.MD5.csproj", "{3481254D-863E-4A85-91F3-37266E3A83DA}"
EndProject
Project("{FAE04EC0-301F-11D3-BF4B-00C04F79EFBC}") = "ALeRT.TypePlugin.SHA1", "ALeRT.TypePlugin.SHA1\ALeRT.TypePlugin.SHA1.csproj", "{CA385D51-8058-447F-9733-FE5E3E488C79}"
EndProject
Project("{FAE04EC0-301F-11D3-BF4B-00C04F79EFBC}") = "ALeRT.TypePlugin.SHA256", "ALeRT.TypePlugin.SHA256\ALeRT.TypePlugin.SHA256.csproj", "{D3E65768-B881-46A3-ADB0-1959020AE839}"
EndProject
Project("{FAE04EC0-301F-11D3-BF4B-00C04F79EFBC}") = "ALeRT.TypePlugin.IPv4", "ALeRT.TypePlugin.IPv4\ALeRT.TypePlugin.IPv4.csproj", "{3841CC01-3AE0-47C5-92FF-89C9DCFE336A}"
EndProject
Project("{FAE04EC0-301F-11D3-BF4B-00C04F79EFBC}") = "ALeRT.TypePlugin.IPv6", "ALeRT.TypePlugin.IPv6\ALeRT.TypePlugin.IPv6.csproj", "{725C77F0-F3A3-44F2-8738-ADDA044441C8}"
EndProject
Project("{FAE04EC0-301F-11D3-BF4B-00C04F79EFBC}") = "ALeRT.TypePlugin.File", "ALeRT.TypePlugin.File\ALeRT.TypePlugin.File.csproj", "{D8708D01-A8D3-42AA-98EE-F70A7F6BD5A0}"
EndProject
Project("{FAE04EC0-301F-11D3-BF4B-00C04F79EFBC}") = "ALeRT.TypePlugin.HASHID", "ALeRT.TypePlugin.HASHID\ALeRT.TypePlugin.HASHID.csproj", "{5B47D718-8556-4B3A-84C9-B58699078110}"
EndProject
Project("{FAE04EC0-301F-11D3-BF4B-00C04F79EFBC}") = "ALeRT.TypePlugin.Name", "ALeRT.TypePlugin.Name\ALeRT.TypePlugin.Name.csproj", "{76B4998E-E24E-48C3-900D-E1E6AD8D9852}"
EndProject
Project("{FAE04EC0-301F-11D3-BF4B-00C04F79EFBC}") = "ALeRT.QueryPlugin.VirusTotal", "ALeRT.QueryPlugin.VirusTotal\ALeRT.QueryPlugin.VirusTotal.csproj", "{C8E8BFA2-7233-415F-8CD6-C4DA8AA78FB1}"
EndProject
Project("{FAE04EC0-301F-11D3-BF4B-00C04F79EFBC}") = "ALeRT.QueryPlugin.GAL", "ALeRT.QueryPlugin.GAL\ALeRT.QueryPlugin.GAL.csproj", "{58C6A146-306F-4C56-B73C-BD117EBCCF28}"
EndProject
Project("{FAE04EC0-301F-11D3-BF4B-00C04F79EFBC}") = "ALeRT.QueryPlugin.NSLookup", "ALeRT.QueryPlugin.NSLookup\ALeRT.QueryPlugin.NSLookup.csproj", "{EE3D0135-338B-46FC-935C-DA2BA7646629}"
EndProject
Project("{FAE04EC0-301F-11D3-BF4B-00C04F79EFBC}") = "ALeRT.QueryPlugin.Traceroute", "ALeRT.QueryPlugin.Traceroute\ALeRT.QueryPlugin.Traceroute.csproj", "{CD352FB3-81C5-4C19-8C89-6B53CB77BB55}"
EndProject
Project("{FAE04EC0-301F-11D3-BF4B-00C04F79EFBC}") = "ALeRT.QueryPlugin.SiteScreenScrape", "ALeRT.QueryPlugin.SiteScreenScrape\ALeRT.QueryPlugin.SiteScreenScrape.csproj", "{CB2F99B6-362F-4A07-94E6-336EFCD5DDB5}"
EndProject
Project("{FAE04EC0-301F-11D3-BF4B-00C04F79EFBC}") = "ALeRT.QueryPlugin.RemoteFile", "ALeRT.QueryPlugin.RemoteFile\ALeRT.QueryPlugin.RemoteFile.csproj", "{171C358B-EDE4-4861-BFCA-66BF928326A7}"
EndProject
Project("{FAE04EC0-301F-11D3-BF4B-00C04F79EFBC}") = "ALeRT.PluginFramework", "ALeRT.PluginFramework\ALeRT.PluginFramework.csproj", "{7090E72A-3A27-45D0-9C1E-32BBA65F208B}"
EndProject
Project("{2150E333-8FDC-42A3-9474-1A3956D46DE8}") = "QueryPlugins", "QueryPlugins", "{19073804-B478-40C5-A016-C59D3B625501}"
EndProject
Project("{2150E333-8FDC-42A3-9474-1A3956D46DE8}") = "TypePlugins", "TypePlugins", "{3D87B25A-F0CB-42BF-A55C-850397B6A498}"
EndProject
Project("{2150E333-8FDC-42A3-9474-1A3956D46DE8}") = "InterfaceComponents", "InterfaceComponents", "{BB440765-355F-4F80-9172-CD550749E96C}"
EndProject
Project("{FAE04EC0-301F-11D3-BF4B-00C04F79EFBC}") = "ALeRT.UI", "ALeRT.UI\ALeRT.UI.csproj", "{3BF36801-3ED1-4A54-83D1-1B5B687D6AF7}"
EndProject
Global
	GlobalSection(SolutionConfigurationPlatforms) = preSolution
		Debug|Any CPU = Debug|Any CPU
		Debug|Mixed Platforms = Debug|Mixed Platforms
		Debug|x86 = Debug|x86
		Release|Any CPU = Release|Any CPU
		Release|Mixed Platforms = Release|Mixed Platforms
		Release|x86 = Release|x86
	EndGlobalSection
	GlobalSection(ProjectConfigurationPlatforms) = postSolution
		{340D3597-BB7A-4E48-A31C-55D2D88EC40A}.Debug|Any CPU.ActiveCfg = Debug|Any CPU
		{340D3597-BB7A-4E48-A31C-55D2D88EC40A}.Debug|Any CPU.Build.0 = Debug|Any CPU
		{340D3597-BB7A-4E48-A31C-55D2D88EC40A}.Debug|Mixed Platforms.ActiveCfg = Debug|Any CPU
		{340D3597-BB7A-4E48-A31C-55D2D88EC40A}.Debug|Mixed Platforms.Build.0 = Debug|Any CPU
		{340D3597-BB7A-4E48-A31C-55D2D88EC40A}.Debug|x86.ActiveCfg = Debug|Any CPU
		{340D3597-BB7A-4E48-A31C-55D2D88EC40A}.Release|Any CPU.ActiveCfg = Release|Any CPU
		{340D3597-BB7A-4E48-A31C-55D2D88EC40A}.Release|Any CPU.Build.0 = Release|Any CPU
		{340D3597-BB7A-4E48-A31C-55D2D88EC40A}.Release|Mixed Platforms.ActiveCfg = Release|Any CPU
		{340D3597-BB7A-4E48-A31C-55D2D88EC40A}.Release|Mixed Platforms.Build.0 = Release|Any CPU
		{340D3597-BB7A-4E48-A31C-55D2D88EC40A}.Release|x86.ActiveCfg = Release|Any CPU
		{27C2649C-47DE-4AB7-937D-A51D6C2A50FB}.Debug|Any CPU.ActiveCfg = Debug|Any CPU
		{27C2649C-47DE-4AB7-937D-A51D6C2A50FB}.Debug|Any CPU.Build.0 = Debug|Any CPU
		{27C2649C-47DE-4AB7-937D-A51D6C2A50FB}.Debug|Mixed Platforms.ActiveCfg = Debug|Any CPU
		{27C2649C-47DE-4AB7-937D-A51D6C2A50FB}.Debug|Mixed Platforms.Build.0 = Debug|Any CPU
		{27C2649C-47DE-4AB7-937D-A51D6C2A50FB}.Debug|x86.ActiveCfg = Debug|Any CPU
		{27C2649C-47DE-4AB7-937D-A51D6C2A50FB}.Release|Any CPU.ActiveCfg = Release|Any CPU
		{27C2649C-47DE-4AB7-937D-A51D6C2A50FB}.Release|Any CPU.Build.0 = Release|Any CPU
		{27C2649C-47DE-4AB7-937D-A51D6C2A50FB}.Release|Mixed Platforms.ActiveCfg = Release|Any CPU
		{27C2649C-47DE-4AB7-937D-A51D6C2A50FB}.Release|Mixed Platforms.Build.0 = Release|Any CPU
		{27C2649C-47DE-4AB7-937D-A51D6C2A50FB}.Release|x86.ActiveCfg = Release|Any CPU
		{B59768BF-AB7F-425E-8AF0-C6AD31131E2B}.Debug|Any CPU.ActiveCfg = Debug|Any CPU
		{B59768BF-AB7F-425E-8AF0-C6AD31131E2B}.Debug|Any CPU.Build.0 = Debug|Any CPU
		{B59768BF-AB7F-425E-8AF0-C6AD31131E2B}.Debug|Mixed Platforms.ActiveCfg = Debug|Any CPU
		{B59768BF-AB7F-425E-8AF0-C6AD31131E2B}.Debug|Mixed Platforms.Build.0 = Debug|Any CPU
		{B59768BF-AB7F-425E-8AF0-C6AD31131E2B}.Debug|x86.ActiveCfg = Debug|Any CPU
		{B59768BF-AB7F-425E-8AF0-C6AD31131E2B}.Release|Any CPU.ActiveCfg = Release|Any CPU
		{B59768BF-AB7F-425E-8AF0-C6AD31131E2B}.Release|Any CPU.Build.0 = Release|Any CPU
		{B59768BF-AB7F-425E-8AF0-C6AD31131E2B}.Release|Mixed Platforms.ActiveCfg = Release|Any CPU
		{B59768BF-AB7F-425E-8AF0-C6AD31131E2B}.Release|Mixed Platforms.Build.0 = Release|Any CPU
		{B59768BF-AB7F-425E-8AF0-C6AD31131E2B}.Release|x86.ActiveCfg = Release|Any CPU
		{47F97B4C-AE89-4CC0-914E-DF8EFC6517BD}.Debug|Any CPU.ActiveCfg = Debug|Any CPU
		{47F97B4C-AE89-4CC0-914E-DF8EFC6517BD}.Debug|Any CPU.Build.0 = Debug|Any CPU
		{47F97B4C-AE89-4CC0-914E-DF8EFC6517BD}.Debug|Mixed Platforms.ActiveCfg = Debug|Any CPU
		{47F97B4C-AE89-4CC0-914E-DF8EFC6517BD}.Debug|Mixed Platforms.Build.0 = Debug|Any CPU
		{47F97B4C-AE89-4CC0-914E-DF8EFC6517BD}.Debug|x86.ActiveCfg = Debug|Any CPU
		{47F97B4C-AE89-4CC0-914E-DF8EFC6517BD}.Release|Any CPU.ActiveCfg = Release|Any CPU
		{47F97B4C-AE89-4CC0-914E-DF8EFC6517BD}.Release|Any CPU.Build.0 = Release|Any CPU
		{47F97B4C-AE89-4CC0-914E-DF8EFC6517BD}.Release|Mixed Platforms.ActiveCfg = Release|Any CPU
		{47F97B4C-AE89-4CC0-914E-DF8EFC6517BD}.Release|Mixed Platforms.Build.0 = Release|Any CPU
		{47F97B4C-AE89-4CC0-914E-DF8EFC6517BD}.Release|x86.ActiveCfg = Release|Any CPU
		{4B0A3198-DA20-444D-8F25-8D2BF4C66B84}.Debug|Any CPU.ActiveCfg = Debug|Any CPU
		{4B0A3198-DA20-444D-8F25-8D2BF4C66B84}.Debug|Any CPU.Build.0 = Debug|Any CPU
		{4B0A3198-DA20-444D-8F25-8D2BF4C66B84}.Debug|Mixed Platforms.ActiveCfg = Debug|Any CPU
		{4B0A3198-DA20-444D-8F25-8D2BF4C66B84}.Debug|Mixed Platforms.Build.0 = Debug|Any CPU
		{4B0A3198-DA20-444D-8F25-8D2BF4C66B84}.Debug|x86.ActiveCfg = Debug|Any CPU
		{4B0A3198-DA20-444D-8F25-8D2BF4C66B84}.Release|Any CPU.ActiveCfg = Release|Any CPU
		{4B0A3198-DA20-444D-8F25-8D2BF4C66B84}.Release|Any CPU.Build.0 = Release|Any CPU
		{4B0A3198-DA20-444D-8F25-8D2BF4C66B84}.Release|Mixed Platforms.ActiveCfg = Release|Any CPU
		{4B0A3198-DA20-444D-8F25-8D2BF4C66B84}.Release|Mixed Platforms.Build.0 = Release|Any CPU
		{4B0A3198-DA20-444D-8F25-8D2BF4C66B84}.Release|x86.ActiveCfg = Release|Any CPU
		{A0E120C6-C4A6-4A7E-B329-9513E9E86EF0}.Debug|Any CPU.ActiveCfg = Debug|Any CPU
		{A0E120C6-C4A6-4A7E-B329-9513E9E86EF0}.Debug|Any CPU.Build.0 = Debug|Any CPU
		{A0E120C6-C4A6-4A7E-B329-9513E9E86EF0}.Debug|Mixed Platforms.ActiveCfg = Debug|Any CPU
		{A0E120C6-C4A6-4A7E-B329-9513E9E86EF0}.Debug|Mixed Platforms.Build.0 = Debug|Any CPU
		{A0E120C6-C4A6-4A7E-B329-9513E9E86EF0}.Debug|x86.ActiveCfg = Debug|Any CPU
		{A0E120C6-C4A6-4A7E-B329-9513E9E86EF0}.Release|Any CPU.ActiveCfg = Release|Any CPU
		{A0E120C6-C4A6-4A7E-B329-9513E9E86EF0}.Release|Any CPU.Build.0 = Release|Any CPU
		{A0E120C6-C4A6-4A7E-B329-9513E9E86EF0}.Release|Mixed Platforms.ActiveCfg = Release|Any CPU
		{A0E120C6-C4A6-4A7E-B329-9513E9E86EF0}.Release|Mixed Platforms.Build.0 = Release|Any CPU
		{A0E120C6-C4A6-4A7E-B329-9513E9E86EF0}.Release|x86.ActiveCfg = Release|Any CPU
		{3481254D-863E-4A85-91F3-37266E3A83DA}.Debug|Any CPU.ActiveCfg = Debug|Any CPU
		{3481254D-863E-4A85-91F3-37266E3A83DA}.Debug|Any CPU.Build.0 = Debug|Any CPU
		{3481254D-863E-4A85-91F3-37266E3A83DA}.Debug|Mixed Platforms.ActiveCfg = Debug|Any CPU
		{3481254D-863E-4A85-91F3-37266E3A83DA}.Debug|Mixed Platforms.Build.0 = Debug|Any CPU
		{3481254D-863E-4A85-91F3-37266E3A83DA}.Debug|x86.ActiveCfg = Debug|Any CPU
		{3481254D-863E-4A85-91F3-37266E3A83DA}.Release|Any CPU.ActiveCfg = Release|Any CPU
		{3481254D-863E-4A85-91F3-37266E3A83DA}.Release|Any CPU.Build.0 = Release|Any CPU
		{3481254D-863E-4A85-91F3-37266E3A83DA}.Release|Mixed Platforms.ActiveCfg = Release|Any CPU
		{3481254D-863E-4A85-91F3-37266E3A83DA}.Release|Mixed Platforms.Build.0 = Release|Any CPU
		{3481254D-863E-4A85-91F3-37266E3A83DA}.Release|x86.ActiveCfg = Release|Any CPU
		{CA385D51-8058-447F-9733-FE5E3E488C79}.Debug|Any CPU.ActiveCfg = Debug|Any CPU
		{CA385D51-8058-447F-9733-FE5E3E488C79}.Debug|Any CPU.Build.0 = Debug|Any CPU
		{CA385D51-8058-447F-9733-FE5E3E488C79}.Debug|Mixed Platforms.ActiveCfg = Debug|Any CPU
		{CA385D51-8058-447F-9733-FE5E3E488C79}.Debug|Mixed Platforms.Build.0 = Debug|Any CPU
		{CA385D51-8058-447F-9733-FE5E3E488C79}.Debug|x86.ActiveCfg = Debug|Any CPU
		{CA385D51-8058-447F-9733-FE5E3E488C79}.Release|Any CPU.ActiveCfg = Release|Any CPU
		{CA385D51-8058-447F-9733-FE5E3E488C79}.Release|Any CPU.Build.0 = Release|Any CPU
		{CA385D51-8058-447F-9733-FE5E3E488C79}.Release|Mixed Platforms.ActiveCfg = Release|Any CPU
		{CA385D51-8058-447F-9733-FE5E3E488C79}.Release|Mixed Platforms.Build.0 = Release|Any CPU
		{CA385D51-8058-447F-9733-FE5E3E488C79}.Release|x86.ActiveCfg = Release|Any CPU
		{D3E65768-B881-46A3-ADB0-1959020AE839}.Debug|Any CPU.ActiveCfg = Debug|Any CPU
		{D3E65768-B881-46A3-ADB0-1959020AE839}.Debug|Any CPU.Build.0 = Debug|Any CPU
		{D3E65768-B881-46A3-ADB0-1959020AE839}.Debug|Mixed Platforms.ActiveCfg = Debug|Any CPU
		{D3E65768-B881-46A3-ADB0-1959020AE839}.Debug|Mixed Platforms.Build.0 = Debug|Any CPU
		{D3E65768-B881-46A3-ADB0-1959020AE839}.Debug|x86.ActiveCfg = Debug|Any CPU
		{D3E65768-B881-46A3-ADB0-1959020AE839}.Release|Any CPU.ActiveCfg = Release|Any CPU
		{D3E65768-B881-46A3-ADB0-1959020AE839}.Release|Any CPU.Build.0 = Release|Any CPU
		{D3E65768-B881-46A3-ADB0-1959020AE839}.Release|Mixed Platforms.ActiveCfg = Release|Any CPU
		{D3E65768-B881-46A3-ADB0-1959020AE839}.Release|Mixed Platforms.Build.0 = Release|Any CPU
		{D3E65768-B881-46A3-ADB0-1959020AE839}.Release|x86.ActiveCfg = Release|Any CPU
		{3841CC01-3AE0-47C5-92FF-89C9DCFE336A}.Debug|Any CPU.ActiveCfg = Debug|Any CPU
		{3841CC01-3AE0-47C5-92FF-89C9DCFE336A}.Debug|Any CPU.Build.0 = Debug|Any CPU
		{3841CC01-3AE0-47C5-92FF-89C9DCFE336A}.Debug|Mixed Platforms.ActiveCfg = Debug|Any CPU
		{3841CC01-3AE0-47C5-92FF-89C9DCFE336A}.Debug|Mixed Platforms.Build.0 = Debug|Any CPU
		{3841CC01-3AE0-47C5-92FF-89C9DCFE336A}.Debug|x86.ActiveCfg = Debug|Any CPU
		{3841CC01-3AE0-47C5-92FF-89C9DCFE336A}.Release|Any CPU.ActiveCfg = Release|Any CPU
		{3841CC01-3AE0-47C5-92FF-89C9DCFE336A}.Release|Any CPU.Build.0 = Release|Any CPU
		{3841CC01-3AE0-47C5-92FF-89C9DCFE336A}.Release|Mixed Platforms.ActiveCfg = Release|Any CPU
		{3841CC01-3AE0-47C5-92FF-89C9DCFE336A}.Release|Mixed Platforms.Build.0 = Release|Any CPU
		{3841CC01-3AE0-47C5-92FF-89C9DCFE336A}.Release|x86.ActiveCfg = Release|Any CPU
		{725C77F0-F3A3-44F2-8738-ADDA044441C8}.Debug|Any CPU.ActiveCfg = Debug|Any CPU
		{725C77F0-F3A3-44F2-8738-ADDA044441C8}.Debug|Any CPU.Build.0 = Debug|Any CPU
		{725C77F0-F3A3-44F2-8738-ADDA044441C8}.Debug|Mixed Platforms.ActiveCfg = Debug|Any CPU
		{725C77F0-F3A3-44F2-8738-ADDA044441C8}.Debug|Mixed Platforms.Build.0 = Debug|Any CPU
		{725C77F0-F3A3-44F2-8738-ADDA044441C8}.Debug|x86.ActiveCfg = Debug|Any CPU
		{725C77F0-F3A3-44F2-8738-ADDA044441C8}.Release|Any CPU.ActiveCfg = Release|Any CPU
		{725C77F0-F3A3-44F2-8738-ADDA044441C8}.Release|Any CPU.Build.0 = Release|Any CPU
		{725C77F0-F3A3-44F2-8738-ADDA044441C8}.Release|Mixed Platforms.ActiveCfg = Release|Any CPU
		{725C77F0-F3A3-44F2-8738-ADDA044441C8}.Release|Mixed Platforms.Build.0 = Release|Any CPU
		{725C77F0-F3A3-44F2-8738-ADDA044441C8}.Release|x86.ActiveCfg = Release|Any CPU
		{D8708D01-A8D3-42AA-98EE-F70A7F6BD5A0}.Debug|Any CPU.ActiveCfg = Debug|Any CPU
		{D8708D01-A8D3-42AA-98EE-F70A7F6BD5A0}.Debug|Any CPU.Build.0 = Debug|Any CPU
		{D8708D01-A8D3-42AA-98EE-F70A7F6BD5A0}.Debug|Mixed Platforms.ActiveCfg = Debug|Any CPU
		{D8708D01-A8D3-42AA-98EE-F70A7F6BD5A0}.Debug|Mixed Platforms.Build.0 = Debug|Any CPU
		{D8708D01-A8D3-42AA-98EE-F70A7F6BD5A0}.Debug|x86.ActiveCfg = Debug|Any CPU
		{D8708D01-A8D3-42AA-98EE-F70A7F6BD5A0}.Release|Any CPU.ActiveCfg = Release|Any CPU
		{D8708D01-A8D3-42AA-98EE-F70A7F6BD5A0}.Release|Any CPU.Build.0 = Release|Any CPU
		{D8708D01-A8D3-42AA-98EE-F70A7F6BD5A0}.Release|Mixed Platforms.ActiveCfg = Release|Any CPU
		{D8708D01-A8D3-42AA-98EE-F70A7F6BD5A0}.Release|Mixed Platforms.Build.0 = Release|Any CPU
		{D8708D01-A8D3-42AA-98EE-F70A7F6BD5A0}.Release|x86.ActiveCfg = Release|Any CPU
		{5B47D718-8556-4B3A-84C9-B58699078110}.Debug|Any CPU.ActiveCfg = Debug|Any CPU
		{5B47D718-8556-4B3A-84C9-B58699078110}.Debug|Any CPU.Build.0 = Debug|Any CPU
		{5B47D718-8556-4B3A-84C9-B58699078110}.Debug|Mixed Platforms.ActiveCfg = Debug|Any CPU
		{5B47D718-8556-4B3A-84C9-B58699078110}.Debug|Mixed Platforms.Build.0 = Debug|Any CPU
		{5B47D718-8556-4B3A-84C9-B58699078110}.Debug|x86.ActiveCfg = Debug|Any CPU
		{5B47D718-8556-4B3A-84C9-B58699078110}.Release|Any CPU.ActiveCfg = Release|Any CPU
		{5B47D718-8556-4B3A-84C9-B58699078110}.Release|Any CPU.Build.0 = Release|Any CPU
		{5B47D718-8556-4B3A-84C9-B58699078110}.Release|Mixed Platforms.ActiveCfg = Release|Any CPU
		{5B47D718-8556-4B3A-84C9-B58699078110}.Release|Mixed Platforms.Build.0 = Release|Any CPU
		{5B47D718-8556-4B3A-84C9-B58699078110}.Release|x86.ActiveCfg = Release|Any CPU
		{76B4998E-E24E-48C3-900D-E1E6AD8D9852}.Debug|Any CPU.ActiveCfg = Debug|Any CPU
		{76B4998E-E24E-48C3-900D-E1E6AD8D9852}.Debug|Any CPU.Build.0 = Debug|Any CPU
		{76B4998E-E24E-48C3-900D-E1E6AD8D9852}.Debug|Mixed Platforms.ActiveCfg = Debug|Any CPU
		{76B4998E-E24E-48C3-900D-E1E6AD8D9852}.Debug|Mixed Platforms.Build.0 = Debug|Any CPU
		{76B4998E-E24E-48C3-900D-E1E6AD8D9852}.Debug|x86.ActiveCfg = Debug|Any CPU
		{76B4998E-E24E-48C3-900D-E1E6AD8D9852}.Release|Any CPU.ActiveCfg = Release|Any CPU
		{76B4998E-E24E-48C3-900D-E1E6AD8D9852}.Release|Any CPU.Build.0 = Release|Any CPU
		{76B4998E-E24E-48C3-900D-E1E6AD8D9852}.Release|Mixed Platforms.ActiveCfg = Release|Any CPU
		{76B4998E-E24E-48C3-900D-E1E6AD8D9852}.Release|Mixed Platforms.Build.0 = Release|Any CPU
		{76B4998E-E24E-48C3-900D-E1E6AD8D9852}.Release|x86.ActiveCfg = Release|Any CPU
		{C8E8BFA2-7233-415F-8CD6-C4DA8AA78FB1}.Debug|Any CPU.ActiveCfg = Debug|Any CPU
		{C8E8BFA2-7233-415F-8CD6-C4DA8AA78FB1}.Debug|Any CPU.Build.0 = Debug|Any CPU
		{C8E8BFA2-7233-415F-8CD6-C4DA8AA78FB1}.Debug|Mixed Platforms.ActiveCfg = Debug|Any CPU
		{C8E8BFA2-7233-415F-8CD6-C4DA8AA78FB1}.Debug|Mixed Platforms.Build.0 = Debug|Any CPU
		{C8E8BFA2-7233-415F-8CD6-C4DA8AA78FB1}.Debug|x86.ActiveCfg = Debug|Any CPU
		{C8E8BFA2-7233-415F-8CD6-C4DA8AA78FB1}.Release|Any CPU.ActiveCfg = Release|Any CPU
		{C8E8BFA2-7233-415F-8CD6-C4DA8AA78FB1}.Release|Any CPU.Build.0 = Release|Any CPU
		{C8E8BFA2-7233-415F-8CD6-C4DA8AA78FB1}.Release|Mixed Platforms.ActiveCfg = Release|Any CPU
		{C8E8BFA2-7233-415F-8CD6-C4DA8AA78FB1}.Release|Mixed Platforms.Build.0 = Release|Any CPU
		{C8E8BFA2-7233-415F-8CD6-C4DA8AA78FB1}.Release|x86.ActiveCfg = Release|Any CPU
		{58C6A146-306F-4C56-B73C-BD117EBCCF28}.Debug|Any CPU.ActiveCfg = Debug|Any CPU
		{58C6A146-306F-4C56-B73C-BD117EBCCF28}.Debug|Any CPU.Build.0 = Debug|Any CPU
		{58C6A146-306F-4C56-B73C-BD117EBCCF28}.Debug|Mixed Platforms.ActiveCfg = Debug|Any CPU
		{58C6A146-306F-4C56-B73C-BD117EBCCF28}.Debug|Mixed Platforms.Build.0 = Debug|Any CPU
		{58C6A146-306F-4C56-B73C-BD117EBCCF28}.Debug|x86.ActiveCfg = Debug|Any CPU
		{58C6A146-306F-4C56-B73C-BD117EBCCF28}.Release|Any CPU.ActiveCfg = Release|Any CPU
		{58C6A146-306F-4C56-B73C-BD117EBCCF28}.Release|Any CPU.Build.0 = Release|Any CPU
		{58C6A146-306F-4C56-B73C-BD117EBCCF28}.Release|Mixed Platforms.ActiveCfg = Release|Any CPU
		{58C6A146-306F-4C56-B73C-BD117EBCCF28}.Release|Mixed Platforms.Build.0 = Release|Any CPU
		{58C6A146-306F-4C56-B73C-BD117EBCCF28}.Release|x86.ActiveCfg = Release|Any CPU
		{EE3D0135-338B-46FC-935C-DA2BA7646629}.Debug|Any CPU.ActiveCfg = Debug|Any CPU
		{EE3D0135-338B-46FC-935C-DA2BA7646629}.Debug|Any CPU.Build.0 = Debug|Any CPU
		{EE3D0135-338B-46FC-935C-DA2BA7646629}.Debug|Mixed Platforms.ActiveCfg = Debug|Any CPU
		{EE3D0135-338B-46FC-935C-DA2BA7646629}.Debug|Mixed Platforms.Build.0 = Debug|Any CPU
		{EE3D0135-338B-46FC-935C-DA2BA7646629}.Debug|x86.ActiveCfg = Debug|Any CPU
		{EE3D0135-338B-46FC-935C-DA2BA7646629}.Release|Any CPU.ActiveCfg = Release|Any CPU
		{EE3D0135-338B-46FC-935C-DA2BA7646629}.Release|Any CPU.Build.0 = Release|Any CPU
		{EE3D0135-338B-46FC-935C-DA2BA7646629}.Release|Mixed Platforms.ActiveCfg = Release|Any CPU
		{EE3D0135-338B-46FC-935C-DA2BA7646629}.Release|Mixed Platforms.Build.0 = Release|Any CPU
		{EE3D0135-338B-46FC-935C-DA2BA7646629}.Release|x86.ActiveCfg = Release|Any CPU
		{CD352FB3-81C5-4C19-8C89-6B53CB77BB55}.Debug|Any CPU.ActiveCfg = Debug|Any CPU
		{CD352FB3-81C5-4C19-8C89-6B53CB77BB55}.Debug|Any CPU.Build.0 = Debug|Any CPU
		{CD352FB3-81C5-4C19-8C89-6B53CB77BB55}.Debug|Mixed Platforms.ActiveCfg = Debug|Any CPU
		{CD352FB3-81C5-4C19-8C89-6B53CB77BB55}.Debug|Mixed Platforms.Build.0 = Debug|Any CPU
		{CD352FB3-81C5-4C19-8C89-6B53CB77BB55}.Debug|x86.ActiveCfg = Debug|Any CPU
		{CD352FB3-81C5-4C19-8C89-6B53CB77BB55}.Release|Any CPU.ActiveCfg = Release|Any CPU
		{CD352FB3-81C5-4C19-8C89-6B53CB77BB55}.Release|Any CPU.Build.0 = Release|Any CPU
		{CD352FB3-81C5-4C19-8C89-6B53CB77BB55}.Release|Mixed Platforms.ActiveCfg = Release|Any CPU
		{CD352FB3-81C5-4C19-8C89-6B53CB77BB55}.Release|Mixed Platforms.Build.0 = Release|Any CPU
		{CD352FB3-81C5-4C19-8C89-6B53CB77BB55}.Release|x86.ActiveCfg = Release|Any CPU
		{CB2F99B6-362F-4A07-94E6-336EFCD5DDB5}.Debug|Any CPU.ActiveCfg = Debug|Any CPU
		{CB2F99B6-362F-4A07-94E6-336EFCD5DDB5}.Debug|Any CPU.Build.0 = Debug|Any CPU
		{CB2F99B6-362F-4A07-94E6-336EFCD5DDB5}.Debug|Mixed Platforms.ActiveCfg = Debug|Any CPU
		{CB2F99B6-362F-4A07-94E6-336EFCD5DDB5}.Debug|Mixed Platforms.Build.0 = Debug|Any CPU
		{CB2F99B6-362F-4A07-94E6-336EFCD5DDB5}.Debug|x86.ActiveCfg = Debug|Any CPU
		{CB2F99B6-362F-4A07-94E6-336EFCD5DDB5}.Release|Any CPU.ActiveCfg = Release|Any CPU
		{CB2F99B6-362F-4A07-94E6-336EFCD5DDB5}.Release|Any CPU.Build.0 = Release|Any CPU
		{CB2F99B6-362F-4A07-94E6-336EFCD5DDB5}.Release|Mixed Platforms.ActiveCfg = Release|Any CPU
		{CB2F99B6-362F-4A07-94E6-336EFCD5DDB5}.Release|Mixed Platforms.Build.0 = Release|Any CPU
		{CB2F99B6-362F-4A07-94E6-336EFCD5DDB5}.Release|x86.ActiveCfg = Release|Any CPU
		{171C358B-EDE4-4861-BFCA-66BF928326A7}.Debug|Any CPU.ActiveCfg = Debug|Any CPU
		{171C358B-EDE4-4861-BFCA-66BF928326A7}.Debug|Any CPU.Build.0 = Debug|Any CPU
		{171C358B-EDE4-4861-BFCA-66BF928326A7}.Debug|Mixed Platforms.ActiveCfg = Debug|Any CPU
		{171C358B-EDE4-4861-BFCA-66BF928326A7}.Debug|Mixed Platforms.Build.0 = Debug|Any CPU
		{171C358B-EDE4-4861-BFCA-66BF928326A7}.Debug|x86.ActiveCfg = Debug|Any CPU
		{171C358B-EDE4-4861-BFCA-66BF928326A7}.Release|Any CPU.ActiveCfg = Release|Any CPU
		{171C358B-EDE4-4861-BFCA-66BF928326A7}.Release|Any CPU.Build.0 = Release|Any CPU
		{171C358B-EDE4-4861-BFCA-66BF928326A7}.Release|Mixed Platforms.ActiveCfg = Release|Any CPU
		{171C358B-EDE4-4861-BFCA-66BF928326A7}.Release|Mixed Platforms.Build.0 = Release|Any CPU
		{171C358B-EDE4-4861-BFCA-66BF928326A7}.Release|x86.ActiveCfg = Release|Any CPU
		{7090E72A-3A27-45D0-9C1E-32BBA65F208B}.Debug|Any CPU.ActiveCfg = Debug|Any CPU
		{7090E72A-3A27-45D0-9C1E-32BBA65F208B}.Debug|Any CPU.Build.0 = Debug|Any CPU
		{7090E72A-3A27-45D0-9C1E-32BBA65F208B}.Debug|Mixed Platforms.ActiveCfg = Debug|Any CPU
		{7090E72A-3A27-45D0-9C1E-32BBA65F208B}.Debug|Mixed Platforms.Build.0 = Debug|Any CPU
		{7090E72A-3A27-45D0-9C1E-32BBA65F208B}.Debug|x86.ActiveCfg = Debug|Any CPU
		{7090E72A-3A27-45D0-9C1E-32BBA65F208B}.Release|Any CPU.ActiveCfg = Release|Any CPU
		{7090E72A-3A27-45D0-9C1E-32BBA65F208B}.Release|Any CPU.Build.0 = Release|Any CPU
		{7090E72A-3A27-45D0-9C1E-32BBA65F208B}.Release|Mixed Platforms.ActiveCfg = Release|Any CPU
		{7090E72A-3A27-45D0-9C1E-32BBA65F208B}.Release|Mixed Platforms.Build.0 = Release|Any CPU
		{7090E72A-3A27-45D0-9C1E-32BBA65F208B}.Release|x86.ActiveCfg = Release|Any CPU
		{3BF36801-3ED1-4A54-83D1-1B5B687D6AF7}.Debug|Any CPU.ActiveCfg = Debug|Any CPU
		{3BF36801-3ED1-4A54-83D1-1B5B687D6AF7}.Debug|Any CPU.Build.0 = Debug|Any CPU
		{3BF36801-3ED1-4A54-83D1-1B5B687D6AF7}.Debug|Mixed Platforms.ActiveCfg = Debug|Any CPU
		{3BF36801-3ED1-4A54-83D1-1B5B687D6AF7}.Debug|Mixed Platforms.Build.0 = Debug|Any CPU
		{3BF36801-3ED1-4A54-83D1-1B5B687D6AF7}.Debug|x86.ActiveCfg = Debug|Any CPU
		{3BF36801-3ED1-4A54-83D1-1B5B687D6AF7}.Release|Any CPU.ActiveCfg = Release|Any CPU
		{3BF36801-3ED1-4A54-83D1-1B5B687D6AF7}.Release|Any CPU.Build.0 = Release|Any CPU
		{3BF36801-3ED1-4A54-83D1-1B5B687D6AF7}.Release|Mixed Platforms.ActiveCfg = Release|Any CPU
		{3BF36801-3ED1-4A54-83D1-1B5B687D6AF7}.Release|Mixed Platforms.Build.0 = Release|Any CPU
		{3BF36801-3ED1-4A54-83D1-1B5B687D6AF7}.Release|x86.ActiveCfg = Release|Any CPU
	EndGlobalSection
	GlobalSection(SolutionProperties) = preSolution
		HideSolutionNode = FALSE
	EndGlobalSection
	GlobalSection(NestedProjects) = preSolution
		{340D3597-BB7A-4E48-A31C-55D2D88EC40A} = {BB440765-355F-4F80-9172-CD550749E96C}
		{C8E8BFA2-7233-415F-8CD6-C4DA8AA78FB1} = {19073804-B478-40C5-A016-C59D3B625501}
		{58C6A146-306F-4C56-B73C-BD117EBCCF28} = {19073804-B478-40C5-A016-C59D3B625501}
		{EE3D0135-338B-46FC-935C-DA2BA7646629} = {19073804-B478-40C5-A016-C59D3B625501}
		{CD352FB3-81C5-4C19-8C89-6B53CB77BB55} = {19073804-B478-40C5-A016-C59D3B625501}
		{CB2F99B6-362F-4A07-94E6-336EFCD5DDB5} = {19073804-B478-40C5-A016-C59D3B625501}
		{171C358B-EDE4-4861-BFCA-66BF928326A7} = {19073804-B478-40C5-A016-C59D3B625501}
		{27C2649C-47DE-4AB7-937D-A51D6C2A50FB} = {19073804-B478-40C5-A016-C59D3B625501}
		{47F97B4C-AE89-4CC0-914E-DF8EFC6517BD} = {3D87B25A-F0CB-42BF-A55C-850397B6A498}
		{4B0A3198-DA20-444D-8F25-8D2BF4C66B84} = {3D87B25A-F0CB-42BF-A55C-850397B6A498}
		{A0E120C6-C4A6-4A7E-B329-9513E9E86EF0} = {3D87B25A-F0CB-42BF-A55C-850397B6A498}
		{3481254D-863E-4A85-91F3-37266E3A83DA} = {3D87B25A-F0CB-42BF-A55C-850397B6A498}
		{CA385D51-8058-447F-9733-FE5E3E488C79} = {3D87B25A-F0CB-42BF-A55C-850397B6A498}
		{D3E65768-B881-46A3-ADB0-1959020AE839} = {3D87B25A-F0CB-42BF-A55C-850397B6A498}
		{3841CC01-3AE0-47C5-92FF-89C9DCFE336A} = {3D87B25A-F0CB-42BF-A55C-850397B6A498}
		{725C77F0-F3A3-44F2-8738-ADDA044441C8} = {3D87B25A-F0CB-42BF-A55C-850397B6A498}
		{D8708D01-A8D3-42AA-98EE-F70A7F6BD5A0} = {3D87B25A-F0CB-42BF-A55C-850397B6A498}
		{5B47D718-8556-4B3A-84C9-B58699078110} = {3D87B25A-F0CB-42BF-A55C-850397B6A498}
		{76B4998E-E24E-48C3-900D-E1E6AD8D9852} = {3D87B25A-F0CB-42BF-A55C-850397B6A498}
		{B59768BF-AB7F-425E-8AF0-C6AD31131E2B} = {3D87B25A-F0CB-42BF-A55C-850397B6A498}
	EndGlobalSection
EndGlobal
